
Microsoft Visual Studio Solution File, Format Version 12.00
# Visual Studio Version 17
VisualStudioVersion = 17.6.33723.286
MinimumVisualStudioVersion = 10.0.40219.1
Project("{9A19103F-16F7-4668-BE54-9A1E7A4F7556}") = "SimpleKanBanUI", "SimpleKanBanUI\SimpleKanBanUI.csproj", "{91CDC873-7C10-4FEC-8369-62E9A2A4B4ED}"
EndProject
Project("{FAE04EC0-301F-11D3-BF4B-00C04F79EFBC}") = "SimpleKanBanLibrary", "SimpleKanBanLibrary\SimpleKanBanLibrary.csproj", "{AE45C25D-A69D-4500-8C47-6ADF07A1D774}"
EndProject
Global
	GlobalSection(SolutionConfigurationPlatforms) = preSolution
		Debug|Any CPU = Debug|Any CPU
		Release|Any CPU = Release|Any CPU
	EndGlobalSection
	GlobalSection(ProjectConfigurationPlatforms) = postSolution
		{91CDC873-7C10-4FEC-8369-62E9A2A4B4ED}.Debug|Any CPU.ActiveCfg = Debug|Any CPU
		{91CDC873-7C10-4FEC-8369-62E9A2A4B4ED}.Debug|Any CPU.Build.0 = Debug|Any CPU
		{91CDC873-7C10-4FEC-8369-62E9A2A4B4ED}.Release|Any CPU.ActiveCfg = Release|Any CPU
		{91CDC873-7C10-4FEC-8369-62E9A2A4B4ED}.Release|Any CPU.Build.0 = Release|Any CPU
		{AE45C25D-A69D-4500-8C47-6ADF07A1D774}.Debug|Any CPU.ActiveCfg = Debug|Any CPU
		{AE45C25D-A69D-4500-8C47-6ADF07A1D774}.Debug|Any CPU.Build.0 = Debug|Any CPU
		{AE45C25D-A69D-4500-8C47-6ADF07A1D774}.Release|Any CPU.ActiveCfg = Release|Any CPU
		{AE45C25D-A69D-4500-8C47-6ADF07A1D774}.Release|Any CPU.Build.0 = Release|Any CPU
	EndGlobalSection
	GlobalSection(SolutionProperties) = preSolution
		HideSolutionNode = FALSE
	EndGlobalSection
	GlobalSection(ExtensibilityGlobals) = postSolution
		SolutionGuid = {CD717AB8-BF7A-4E05-9203-D2E0BCD2EE46}
	EndGlobalSection
EndGlobal
